{
    "version": 3,
    "terraform_version": "0.10.7",
    "serial": 2,
    "lineage": "d21a63a4-8b52-418a-b8ca-c7768e4ed2e5",
    "modules": [
        {
            "path": [
                "root"
            ],
            "outputs": {},
            "resources": {
                "aws_vpc.kanna-vpc": {
                    "type": "aws_vpc",
                    "depends_on": [],
                    "primary": {
                        "id": "vpc-91b78fe8",
                        "attributes": {
                            "assign_generated_ipv6_cidr_block": "false",
                            "cidr_block": "192.168.0.0/16",
                            "default_network_acl_id": "acl-8320aefb",
                            "default_route_table_id": "rtb-80aaa9f8",
                            "default_security_group_id": "sg-17bc6266",
                            "dhcp_options_id": "dopt-427b983b",
                            "enable_classiclink": "false",
                            "enable_classiclink_dns_support": "false",
                            "enable_dns_hostnames": "false",
                            "enable_dns_support": "true",
                            "id": "vpc-91b78fe8",
                            "instance_tenancy": "default",
                            "main_route_table_id": "rtb-80aaa9f8",
                            "tags.%": "1",
                            "tags.Name": "kanna"
                        },
                        "meta": {
                            "schema_version": "1"
                        },
                        "tainted": false
                    },
                    "deposed": [],
                    "provider": ""
                }
            },
            "depends_on": []
        }
    ]
}
